
Microsoft Visual Studio Solution File, Format Version 12.00
# Visual Studio Version 17
VisualStudioVersion = 17.8.34309.116
MinimumVisualStudioVersion = 10.0.40219.1
Project("{FAE04EC0-301F-11D3-BF4B-00C04F79EFBC}") = "MessageReceiver.Api", "MessageReceiver.Api\MessageReceiver.Api.csproj", "{98D3FF9F-5F85-4E2D-9DC7-0BB6AE410E24}"
EndProject
Global
	GlobalSection(SolutionConfigurationPlatforms) = preSolution
		Debug|Any CPU = Debug|Any CPU
		Release|Any CPU = Release|Any CPU
	EndGlobalSection
	GlobalSection(ProjectConfigurationPlatforms) = postSolution
		{98D3FF9F-5F85-4E2D-9DC7-0BB6AE410E24}.Debug|Any CPU.ActiveCfg = Debug|Any CPU
		{98D3FF9F-5F85-4E2D-9DC7-0BB6AE410E24}.Debug|Any CPU.Build.0 = Debug|Any CPU
		{98D3FF9F-5F85-4E2D-9DC7-0BB6AE410E24}.Release|Any CPU.ActiveCfg = Release|Any CPU
		{98D3FF9F-5F85-4E2D-9DC7-0BB6AE410E24}.Release|Any CPU.Build.0 = Release|Any CPU
	EndGlobalSection
	GlobalSection(SolutionProperties) = preSolution
		HideSolutionNode = FALSE
	EndGlobalSection
	GlobalSection(ExtensibilityGlobals) = postSolution
		SolutionGuid = {7A3E3BA8-2071-452C-86A6-D401B0C12437}
	EndGlobalSection
EndGlobal
