
Microsoft Visual Studio Solution File, Format Version 12.00
# Visual Studio Version 17
VisualStudioVersion = 17.8.34525.116
MinimumVisualStudioVersion = 10.0.40219.1
Project("{FAE04EC0-301F-11D3-BF4B-00C04F79EFBC}") = "ClaimCheck", "ClaimCheck\ClaimCheck.csproj", "{D17B0F7C-12FF-436D-8F22-296CE82FD057}"
EndProject
Global
	GlobalSection(SolutionConfigurationPlatforms) = preSolution
		Debug|Any CPU = Debug|Any CPU
		Release|Any CPU = Release|Any CPU
	EndGlobalSection
	GlobalSection(ProjectConfigurationPlatforms) = postSolution
		{D17B0F7C-12FF-436D-8F22-296CE82FD057}.Debug|Any CPU.ActiveCfg = Debug|Any CPU
		{D17B0F7C-12FF-436D-8F22-296CE82FD057}.Debug|Any CPU.Build.0 = Debug|Any CPU
		{D17B0F7C-12FF-436D-8F22-296CE82FD057}.Release|Any CPU.ActiveCfg = Release|Any CPU
		{D17B0F7C-12FF-436D-8F22-296CE82FD057}.Release|Any CPU.Build.0 = Release|Any CPU
	EndGlobalSection
	GlobalSection(SolutionProperties) = preSolution
		HideSolutionNode = FALSE
	EndGlobalSection
	GlobalSection(ExtensibilityGlobals) = postSolution
		SolutionGuid = {9F856DDB-40A1-4B31-9675-944BFF67541E}
	EndGlobalSection
EndGlobal
