
Microsoft Visual Studio Solution File, Format Version 12.00
# Visual Studio Version 17
VisualStudioVersion = 17.8.34309.116
MinimumVisualStudioVersion = 10.0.40219.1
Project("{9A19103F-16F7-4668-BE54-9A1E7A4F7556}") = "WebMetric", "WebMetric.csproj", "{858E7865-2D87-4C67-96FE-71DF064EC2FB}"
EndProject
Global
	GlobalSection(SolutionConfigurationPlatforms) = preSolution
		Debug|Any CPU = Debug|Any CPU
		Release|Any CPU = Release|Any CPU
	EndGlobalSection
	GlobalSection(ProjectConfigurationPlatforms) = postSolution
		{858E7865-2D87-4C67-96FE-71DF064EC2FB}.Debug|Any CPU.ActiveCfg = Debug|Any CPU
		{858E7865-2D87-4C67-96FE-71DF064EC2FB}.Debug|Any CPU.Build.0 = Debug|Any CPU
		{858E7865-2D87-4C67-96FE-71DF064EC2FB}.Release|Any CPU.ActiveCfg = Release|Any CPU
		{858E7865-2D87-4C67-96FE-71DF064EC2FB}.Release|Any CPU.Build.0 = Release|Any CPU
	EndGlobalSection
	GlobalSection(SolutionProperties) = preSolution
		HideSolutionNode = FALSE
	EndGlobalSection
	GlobalSection(ExtensibilityGlobals) = postSolution
		SolutionGuid = {AF9D4BE6-4160-4BB2-A9D4-4309590FF966}
	EndGlobalSection
EndGlobal
