
Microsoft Visual Studio Solution File, Format Version 12.00
# Visual Studio Version 17
VisualStudioVersion = 17.10.35013.160
MinimumVisualStudioVersion = 10.0.40219.1
Project("{FAE04EC0-301F-11D3-BF4B-00C04F79EFBC}") = "SKDemo", "SKDemo\SKDemo.csproj", "{91582AED-9C6D-4F50-AE92-7062C513AEA9}"
EndProject
Global
	GlobalSection(SolutionConfigurationPlatforms) = preSolution
		Debug|Any CPU = Debug|Any CPU
		Release|Any CPU = Release|Any CPU
	EndGlobalSection
	GlobalSection(ProjectConfigurationPlatforms) = postSolution
		{91582AED-9C6D-4F50-AE92-7062C513AEA9}.Debug|Any CPU.ActiveCfg = Debug|Any CPU
		{91582AED-9C6D-4F50-AE92-7062C513AEA9}.Debug|Any CPU.Build.0 = Debug|Any CPU
		{91582AED-9C6D-4F50-AE92-7062C513AEA9}.Release|Any CPU.ActiveCfg = Release|Any CPU
		{91582AED-9C6D-4F50-AE92-7062C513AEA9}.Release|Any CPU.Build.0 = Release|Any CPU
	EndGlobalSection
	GlobalSection(SolutionProperties) = preSolution
		HideSolutionNode = FALSE
	EndGlobalSection
	GlobalSection(ExtensibilityGlobals) = postSolution
		SolutionGuid = {4C92DB15-B086-4930-9DC8-D5C7CBDEE227}
	EndGlobalSection
EndGlobal
