
Microsoft Visual Studio Solution File, Format Version 12.00
# Visual Studio Version 17
VisualStudioVersion = 17.9.34321.82
MinimumVisualStudioVersion = 10.0.40219.1
Project("{FAE04EC0-301F-11D3-BF4B-00C04F79EFBC}") = "TodoNativeAotSample", "TodoNativeAotSample\TodoNativeAotSample.csproj", "{B5272819-2671-48E7-9729-7E61A1B7F2FA}"
EndProject
Global
	GlobalSection(SolutionConfigurationPlatforms) = preSolution
		Debug|Any CPU = Debug|Any CPU
		Release|Any CPU = Release|Any CPU
	EndGlobalSection
	GlobalSection(ProjectConfigurationPlatforms) = postSolution
		{B5272819-2671-48E7-9729-7E61A1B7F2FA}.Debug|Any CPU.ActiveCfg = Debug|Any CPU
		{B5272819-2671-48E7-9729-7E61A1B7F2FA}.Debug|Any CPU.Build.0 = Debug|Any CPU
		{B5272819-2671-48E7-9729-7E61A1B7F2FA}.Release|Any CPU.ActiveCfg = Release|Any CPU
		{B5272819-2671-48E7-9729-7E61A1B7F2FA}.Release|Any CPU.Build.0 = Release|Any CPU
	EndGlobalSection
	GlobalSection(SolutionProperties) = preSolution
		HideSolutionNode = FALSE
	EndGlobalSection
	GlobalSection(ExtensibilityGlobals) = postSolution
		SolutionGuid = {D275B2E1-77F0-4A4D-A332-FE5FF9624865}
	EndGlobalSection
EndGlobal
